PODS:
  - EFInternetIndicator (0.5.0):
    - SwiftMessages (~> 5.0.1)
  - SwiftMessages (5.0.1):
    - SwiftMessages/App (= 5.0.1)
  - SwiftMessages/App (5.0.1)

DEPENDENCIES:
  - EFInternetIndicator (from `../`)

SPEC REPOS:
  https://github.com/cocoapods/specs.git:
    - SwiftMessages

EXTERNAL SOURCES:
  EFInternetIndicator:
    :path: "../"

SPEC CHECKSUMS:
  EFInternetIndicator: 923ca71b5da59b43868e7fab8d19e04ea83a6578
  SwiftMessages: 32ce3cfc8388b41aae56ff4853cc752a20101147

PODFILE CHECKSUM: 8e2f1e2aa1e7bcede3b95da3211a39ba70a31291

COCOAPODS: 1.5.3
